
Microsoft Visual Studio Solution File, Format Version 12.00
# Visual Studio 15
VisualStudioVersion = 15.0.28307.852
MinimumVisualStudioVersion = 10.0.40219.1
Project("{FAE04EC0-301F-11D3-BF4B-00C04F79EFBC}") = "FaceData", "FaceData\FaceData.csproj", "{A49EC654-8A81-4D3D-B6CA-5DCD77964FB4}"
EndProject
Project("{FAE04EC0-301F-11D3-BF4B-00C04F79EFBC}") = "FaceDetect", "FaceDetect\FaceDetect.csproj", "{43936F1F-E1EE-465B-81DA-4D3EAB669DBD}"
EndProject
Global
	GlobalSection(SolutionConfigurationPlatforms) = preSolution
		Debug|Any CPU = Debug|Any CPU
		Release|Any CPU = Release|Any CPU
	EndGlobalSection
	GlobalSection(ProjectConfigurationPlatforms) = postSolution
		{A49EC654-8A81-4D3D-B6CA-5DCD77964FB4}.Debug|Any CPU.ActiveCfg = Debug|Any CPU
		{A49EC654-8A81-4D3D-B6CA-5DCD77964FB4}.Debug|Any CPU.Build.0 = Debug|Any CPU
		{A49EC654-8A81-4D3D-B6CA-5DCD77964FB4}.Release|Any CPU.ActiveCfg = Release|Any CPU
		{A49EC654-8A81-4D3D-B6CA-5DCD77964FB4}.Release|Any CPU.Build.0 = Release|Any CPU
		{43936F1F-E1EE-465B-81DA-4D3EAB669DBD}.Debug|Any CPU.ActiveCfg = Debug|Any CPU
		{43936F1F-E1EE-465B-81DA-4D3EAB669DBD}.Debug|Any CPU.Build.0 = Debug|Any CPU
		{43936F1F-E1EE-465B-81DA-4D3EAB669DBD}.Release|Any CPU.ActiveCfg = Release|Any CPU
		{43936F1F-E1EE-465B-81DA-4D3EAB669DBD}.Release|Any CPU.Build.0 = Release|Any CPU
	EndGlobalSection
	GlobalSection(SolutionProperties) = preSolution
		HideSolutionNode = FALSE
	EndGlobalSection
	GlobalSection(ExtensibilityGlobals) = postSolution
		SolutionGuid = {B6F2F235-3721-4350-A8BE-5B7FB8FCAC95}
	EndGlobalSection
EndGlobal
